
Microsoft Visual Studio Solution File, Format Version 12.00
# Visual Studio 2012
Project("{FAE04EC0-301F-11D3-BF4B-00C04F79EFBC}") = "kos-lisp", "kos-lisp\kos-lisp.csproj", "{BE92492D-605F-4527-830A-FC7269C61380}"
EndProject
Project("{FAE04EC0-301F-11D3-BF4B-00C04F79EFBC}") = "ZStewart.KOSLisp.Types.Test", "ZStewart.KOSLisp.Types.Test\ZStewart.KOSLisp.Types.Test.csproj", "{023D9138-02A4-4C96-B624-87D3C755EB4E}"
EndProject
Project("{FAE04EC0-301F-11D3-BF4B-00C04F79EFBC}") = "ZStewart.KOSLisp.Types", "ZStewart.KOSLisp.Types\ZStewart.KOSLisp.Types.csproj", "{F8FDE0FF-E961-4E38-A5F6-6FCCEA3970FF}"
EndProject
Project("{FAE04EC0-301F-11D3-BF4B-00C04F79EFBC}") = "ZStewart.KOSLisp.Parse", "ZStewart.KOSLisp.Parse\ZStewart.KOSLisp.Parse.csproj", "{213150F8-6AC2-4AF7-A4A9-4EA03651D46A}"
EndProject
Project("{FAE04EC0-301F-11D3-BF4B-00C04F79EFBC}") = "ZStewart.KOSLisp.Parse.Lisp", "ZStewart.KOSLisp.Parse.Lisp\ZStewart.KOSLisp.Parse.Lisp.csproj", "{178AE810-F08F-4D73-BE8C-6892432E77F3}"
EndProject
Project("{FAE04EC0-301F-11D3-BF4B-00C04F79EFBC}") = "ZStewart.KOSLisp.Compile", "ZStewart.KOSLisp.Compile\ZStewart.KOSLisp.Compile.csproj", "{7CA91E06-D389-453D-9F3E-E9D7DA6199A1}"
EndProject
Project("{FAE04EC0-301F-11D3-BF4B-00C04F79EFBC}") = "ZStewart.KOSLisp.Compile.Generators.CSharp", "ZStewart.KOSLisp.Compile.Generators.CSharp\ZStewart.KOSLisp.Compile.Generators.CSharp.csproj", "{E46FD6E2-AA5A-4568-8DC5-26AFE04B55C8}"
EndProject
Project("{FAE04EC0-301F-11D3-BF4B-00C04F79EFBC}") = "ZStewart.KOSLisp.Modules.Builtins", "ZStewart.KOSLisp.Modules.Builtins\ZStewart.KOSLisp.Modules.Builtins.csproj", "{E0270882-93E6-444B-AD28-64C033681276}"
EndProject
Project("{FAE04EC0-301F-11D3-BF4B-00C04F79EFBC}") = "ZStewart.KOSLisp.Modules", "ZStewart.KOSLisp.Modules\ZStewart.KOSLisp.Modules.csproj", "{39638BBB-F272-4627-AAB8-20054B3FBBD5}"
EndProject
Global
	GlobalSection(SolutionConfigurationPlatforms) = preSolution
		Debug|x86 = Debug|x86
		Release|x86 = Release|x86
	EndGlobalSection
	GlobalSection(ProjectConfigurationPlatforms) = postSolution
		{023D9138-02A4-4C96-B624-87D3C755EB4E}.Debug|x86.ActiveCfg = Debug|Any CPU
		{023D9138-02A4-4C96-B624-87D3C755EB4E}.Debug|x86.Build.0 = Debug|Any CPU
		{023D9138-02A4-4C96-B624-87D3C755EB4E}.Release|x86.ActiveCfg = Release|Any CPU
		{023D9138-02A4-4C96-B624-87D3C755EB4E}.Release|x86.Build.0 = Release|Any CPU
		{178AE810-F08F-4D73-BE8C-6892432E77F3}.Debug|x86.ActiveCfg = Debug|Any CPU
		{178AE810-F08F-4D73-BE8C-6892432E77F3}.Debug|x86.Build.0 = Debug|Any CPU
		{178AE810-F08F-4D73-BE8C-6892432E77F3}.Release|x86.ActiveCfg = Release|Any CPU
		{178AE810-F08F-4D73-BE8C-6892432E77F3}.Release|x86.Build.0 = Release|Any CPU
		{213150F8-6AC2-4AF7-A4A9-4EA03651D46A}.Debug|x86.ActiveCfg = Debug|Any CPU
		{213150F8-6AC2-4AF7-A4A9-4EA03651D46A}.Debug|x86.Build.0 = Debug|Any CPU
		{213150F8-6AC2-4AF7-A4A9-4EA03651D46A}.Release|x86.ActiveCfg = Release|Any CPU
		{213150F8-6AC2-4AF7-A4A9-4EA03651D46A}.Release|x86.Build.0 = Release|Any CPU
		{39638BBB-F272-4627-AAB8-20054B3FBBD5}.Debug|x86.ActiveCfg = Debug|Any CPU
		{39638BBB-F272-4627-AAB8-20054B3FBBD5}.Debug|x86.Build.0 = Debug|Any CPU
		{39638BBB-F272-4627-AAB8-20054B3FBBD5}.Release|x86.ActiveCfg = Release|Any CPU
		{39638BBB-F272-4627-AAB8-20054B3FBBD5}.Release|x86.Build.0 = Release|Any CPU
		{7CA91E06-D389-453D-9F3E-E9D7DA6199A1}.Debug|x86.ActiveCfg = Debug|Any CPU
		{7CA91E06-D389-453D-9F3E-E9D7DA6199A1}.Debug|x86.Build.0 = Debug|Any CPU
		{7CA91E06-D389-453D-9F3E-E9D7DA6199A1}.Release|x86.ActiveCfg = Release|Any CPU
		{7CA91E06-D389-453D-9F3E-E9D7DA6199A1}.Release|x86.Build.0 = Release|Any CPU
		{BE92492D-605F-4527-830A-FC7269C61380}.Debug|x86.ActiveCfg = Debug|x86
		{BE92492D-605F-4527-830A-FC7269C61380}.Debug|x86.Build.0 = Debug|x86
		{BE92492D-605F-4527-830A-FC7269C61380}.Release|x86.ActiveCfg = Release|x86
		{BE92492D-605F-4527-830A-FC7269C61380}.Release|x86.Build.0 = Release|x86
		{E0270882-93E6-444B-AD28-64C033681276}.Debug|x86.ActiveCfg = Debug|Any CPU
		{E0270882-93E6-444B-AD28-64C033681276}.Debug|x86.Build.0 = Debug|Any CPU
		{E0270882-93E6-444B-AD28-64C033681276}.Release|x86.ActiveCfg = Release|Any CPU
		{E0270882-93E6-444B-AD28-64C033681276}.Release|x86.Build.0 = Release|Any CPU
		{E46FD6E2-AA5A-4568-8DC5-26AFE04B55C8}.Debug|x86.ActiveCfg = Debug|Any CPU
		{E46FD6E2-AA5A-4568-8DC5-26AFE04B55C8}.Debug|x86.Build.0 = Debug|Any CPU
		{E46FD6E2-AA5A-4568-8DC5-26AFE04B55C8}.Release|x86.ActiveCfg = Release|Any CPU
		{E46FD6E2-AA5A-4568-8DC5-26AFE04B55C8}.Release|x86.Build.0 = Release|Any CPU
		{F8FDE0FF-E961-4E38-A5F6-6FCCEA3970FF}.Debug|x86.ActiveCfg = Debug|Any CPU
		{F8FDE0FF-E961-4E38-A5F6-6FCCEA3970FF}.Debug|x86.Build.0 = Debug|Any CPU
		{F8FDE0FF-E961-4E38-A5F6-6FCCEA3970FF}.Release|x86.ActiveCfg = Release|Any CPU
		{F8FDE0FF-E961-4E38-A5F6-6FCCEA3970FF}.Release|x86.Build.0 = Release|Any CPU
	EndGlobalSection
	GlobalSection(MonoDevelopProperties) = preSolution
		Policies = $0
		$0.DotNetNamingPolicy = $1
		$1.DirectoryNamespaceAssociation = PrefixedHierarchical
		$1.ResourceNamePolicy = FileName
		$0.TextStylePolicy = $2
		$2.FileWidth = 100
		$2.TabWidth = 2
		$2.IndentWidth = 2
		$2.NoTabsAfterNonTabs = True
		$2.inheritsSet = VisualStudio
		$2.inheritsScope = text/plain
		$2.scope = text/x-csharp
		$0.CSharpFormattingPolicy = $3
		$3.NamespaceBraceStyle = EndOfLine
		$3.ClassBraceStyle = EndOfLine
		$3.InterfaceBraceStyle = EndOfLine
		$3.StructBraceStyle = EndOfLine
		$3.EnumBraceStyle = EndOfLine
		$3.MethodBraceStyle = EndOfLine
		$3.ConstructorBraceStyle = EndOfLine
		$3.DestructorBraceStyle = EndOfLine
		$3.BeforeMethodCallParentheses = False
		$3.NewParentheses = False
		$3.SpacesBeforeBrackets = False
		$3.AlignToFirstMethodDeclarationParameter = False
		$3.inheritsSet = Mono
		$3.inheritsScope = text/x-csharp
		$3.scope = text/x-csharp
	EndGlobalSection
EndGlobal
